
Microsoft Visual Studio Solution File, Format Version 12.00
# Visual Studio Version 17
VisualStudioVersion = 17.0.31912.275
MinimumVisualStudioVersion = 10.0.40219.1
Project("{FAE04EC0-301F-11D3-BF4B-00C04F79EFBC}") = "Ch2_LinkedLists", "Ch2_LinkedLists\Ch2_LinkedLists.csproj", "{8BFD0446-97A1-4C5F-A97A-60FF0788D1CC}"
EndProject
Global
	GlobalSection(SolutionConfigurationPlatforms) = preSolution
		Debug|Any CPU = Debug|Any CPU
		Release|Any CPU = Release|Any CPU
	EndGlobalSection
	GlobalSection(ProjectConfigurationPlatforms) = postSolution
		{8BFD0446-97A1-4C5F-A97A-60FF0788D1CC}.Debug|Any CPU.ActiveCfg = Debug|Any CPU
		{8BFD0446-97A1-4C5F-A97A-60FF0788D1CC}.Debug|Any CPU.Build.0 = Debug|Any CPU
		{8BFD0446-97A1-4C5F-A97A-60FF0788D1CC}.Release|Any CPU.ActiveCfg = Release|Any CPU
		{8BFD0446-97A1-4C5F-A97A-60FF0788D1CC}.Release|Any CPU.Build.0 = Release|Any CPU
	EndGlobalSection
	GlobalSection(SolutionProperties) = preSolution
		HideSolutionNode = FALSE
	EndGlobalSection
	GlobalSection(ExtensibilityGlobals) = postSolution
		SolutionGuid = {D35A9C89-8D37-4EB4-A169-C7D353859876}
	EndGlobalSection
EndGlobal
